
Microsoft Visual Studio Solution File, Format Version 12.00
# Visual Studio Version 16
VisualStudioVersion = 16.0.33927.289
MinimumVisualStudioVersion = 10.0.40219.1
Project("{2150E333-8FDC-42A3-9474-1A3956D46DE8}") = "Task0", "Task0", "{457846E6-CB69-4F0A-A3F5-0E1BDE5AB415}"
EndProject
Project("{FAE04EC0-301F-11D3-BF4B-00C04F79EFBC}") = "Tyuiu.PimenovaTS.Sprint3.Task0.V13", "Tyuiu.PimenovaTS.Sprint3.Task0.V13\Tyuiu.PimenovaTS.Sprint3.Task0.V13.csproj", "{84A39FD2-FFA5-4DDD-A7DC-B5AEEF660296}"
EndProject
Project("{FAE04EC0-301F-11D3-BF4B-00C04F79EFBC}") = "Tyuiu.PimenovaTS.Sprint3.Task0.V13.Lib", "Tyuiu.PimenovaTS.Sprint3.Task0.V13.Lib\Tyuiu.PimenovaTS.Sprint3.Task0.V13.Lib.csproj", "{48DB2B1E-5890-4614-9444-032F03C83FFC}"
EndProject
Project("{FAE04EC0-301F-11D3-BF4B-00C04F79EFBC}") = "Tyuiu.PimenovaTS.Sprint3.Task0.V13.Test", "Tyuiu.PimenovaTS.Sprint3.Task0.V13.Test\Tyuiu.PimenovaTS.Sprint3.Task0.V13.Test.csproj", "{ADA18B98-BDEC-4D93-9E99-3182B5D55503}"
EndProject
Project("{2150E333-8FDC-42A3-9474-1A3956D46DE8}") = "Task1", "Task1", "{1E0D13FB-B65B-4CC7-A744-9D5B85F5E227}"
EndProject
Project("{FAE04EC0-301F-11D3-BF4B-00C04F79EFBC}") = "Tyuiu.PimenovaTS.Sprint3.Task1.V10", "Tyuiu.PimenovaTS.Sprint3.Task1.V10\Tyuiu.PimenovaTS.Sprint3.Task1.V10.csproj", "{BE152F4F-F43C-40A1-B24F-0863D424E828}"
EndProject
Project("{FAE04EC0-301F-11D3-BF4B-00C04F79EFBC}") = "Tyuiu.PimenovaTS.Sprint3.Task1.V10.Lib", "Tyuiu.PimenovaTS.Sprint3.Task1.V10.Lib\Tyuiu.PimenovaTS.Sprint3.Task1.V10.Lib.csproj", "{E47F5629-4EBD-4096-B9E2-30BE7A26DEAF}"
EndProject
Project("{FAE04EC0-301F-11D3-BF4B-00C04F79EFBC}") = "Tyuiu.PimenovaTS.Sprint3.Task1.V10.Test", "Tyuiu.PimenovaTS.Sprint3.Task1.V10.Test\Tyuiu.PimenovaTS.Sprint3.Task1.V10.Test.csproj", "{98DD148F-C64A-42E4-A128-F36B01C412F4}"
EndProject
Project("{2150E333-8FDC-42A3-9474-1A3956D46DE8}") = "Task2", "Task2", "{BE3CFCDA-3D10-4B3F-8340-776E5ADCB080}"
EndProject
Project("{FAE04EC0-301F-11D3-BF4B-00C04F79EFBC}") = "Tyuiu.pimenovaTS.Sprint3.Task2.V29", "Tyuiu.pimenovaTS.Sprint3.Task2.V29\Tyuiu.pimenovaTS.Sprint3.Task2.V29.csproj", "{9EBCECF2-231B-4BB4-A16B-D6FAAA101D40}"
EndProject
Project("{FAE04EC0-301F-11D3-BF4B-00C04F79EFBC}") = "Tyuiu.pimenovaTS.Sprint3.Task2.V29.Lib", "Tyuiu.pimenovaTS.Sprint3.Task2.V29.Lib\Tyuiu.pimenovaTS.Sprint3.Task2.V29.Lib.csproj", "{4D90590A-0C67-424E-8BA2-CE0BD7EA2CF2}"
EndProject
Project("{FAE04EC0-301F-11D3-BF4B-00C04F79EFBC}") = "Tyuiu.pimenovaTS.Sprint3.Task2.V29.Test", "Tyuiu.pimenovaTS.Sprint3.Task2.V29.Test\Tyuiu.pimenovaTS.Sprint3.Task2.V29.Test.csproj", "{ECCBE1D6-2EDF-428D-899D-BA1E2F7364E8}"
EndProject
Project("{2150E333-8FDC-42A3-9474-1A3956D46DE8}") = "Task3", "Task3", "{19F9767E-16FE-4202-AE64-1218E66BFE8C}"
EndProject
Project("{FAE04EC0-301F-11D3-BF4B-00C04F79EFBC}") = "Tyuiu.PimenovaTS.Sprint3.Task3.V13", "Tyuiu.PimenovaTS.Sprint3.Task3.V13\Tyuiu.PimenovaTS.Sprint3.Task3.V13.csproj", "{FD3CA6D2-80E8-4FF5-8F6A-D145D5810E2B}"
EndProject
Project("{FAE04EC0-301F-11D3-BF4B-00C04F79EFBC}") = "Tyuiu.PimenovaTS.Sprint3.Task3.V13.Lib", "Tyuiu.PimenovaTS.Sprint3.Task3.V13.Lib\Tyuiu.PimenovaTS.Sprint3.Task3.V13.Lib.csproj", "{63C59692-405E-4913-80B9-90B58A8D3E82}"
EndProject
Project("{FAE04EC0-301F-11D3-BF4B-00C04F79EFBC}") = "Tyuiu.PimenovaTS.Sprint3.Task3.V13.Test", "Tyuiu.PimenovaTS.Sprint3.Task3.V13.Test\Tyuiu.PimenovaTS.Sprint3.Task3.V13.Test.csproj", "{FF58E809-CE9C-4DBE-A537-027C29002F7B}"
EndProject
Global
	GlobalSection(SolutionConfigurationPlatforms) = preSolution
		Debug|Any CPU = Debug|Any CPU
		Release|Any CPU = Release|Any CPU
	EndGlobalSection
	GlobalSection(ProjectConfigurationPlatforms) = postSolution
		{84A39FD2-FFA5-4DDD-A7DC-B5AEEF660296}.Debug|Any CPU.ActiveCfg = Debug|Any CPU
		{84A39FD2-FFA5-4DDD-A7DC-B5AEEF660296}.Debug|Any CPU.Build.0 = Debug|Any CPU
		{84A39FD2-FFA5-4DDD-A7DC-B5AEEF660296}.Release|Any CPU.ActiveCfg = Release|Any CPU
		{84A39FD2-FFA5-4DDD-A7DC-B5AEEF660296}.Release|Any CPU.Build.0 = Release|Any CPU
		{48DB2B1E-5890-4614-9444-032F03C83FFC}.Debug|Any CPU.ActiveCfg = Debug|Any CPU
		{48DB2B1E-5890-4614-9444-032F03C83FFC}.Debug|Any CPU.Build.0 = Debug|Any CPU
		{48DB2B1E-5890-4614-9444-032F03C83FFC}.Release|Any CPU.ActiveCfg = Release|Any CPU
		{48DB2B1E-5890-4614-9444-032F03C83FFC}.Release|Any CPU.Build.0 = Release|Any CPU
		{ADA18B98-BDEC-4D93-9E99-3182B5D55503}.Debug|Any CPU.ActiveCfg = Debug|Any CPU
		{ADA18B98-BDEC-4D93-9E99-3182B5D55503}.Debug|Any CPU.Build.0 = Debug|Any CPU
		{ADA18B98-BDEC-4D93-9E99-3182B5D55503}.Release|Any CPU.ActiveCfg = Release|Any CPU
		{ADA18B98-BDEC-4D93-9E99-3182B5D55503}.Release|Any CPU.Build.0 = Release|Any CPU
		{BE152F4F-F43C-40A1-B24F-0863D424E828}.Debug|Any CPU.ActiveCfg = Debug|Any CPU
		{BE152F4F-F43C-40A1-B24F-0863D424E828}.Debug|Any CPU.Build.0 = Debug|Any CPU
		{BE152F4F-F43C-40A1-B24F-0863D424E828}.Release|Any CPU.ActiveCfg = Release|Any CPU
		{BE152F4F-F43C-40A1-B24F-0863D424E828}.Release|Any CPU.Build.0 = Release|Any CPU
		{E47F5629-4EBD-4096-B9E2-30BE7A26DEAF}.Debug|Any CPU.ActiveCfg = Debug|Any CPU
		{E47F5629-4EBD-4096-B9E2-30BE7A26DEAF}.Debug|Any CPU.Build.0 = Debug|Any CPU
		{E47F5629-4EBD-4096-B9E2-30BE7A26DEAF}.Release|Any CPU.ActiveCfg = Release|Any CPU
		{E47F5629-4EBD-4096-B9E2-30BE7A26DEAF}.Release|Any CPU.Build.0 = Release|Any CPU
		{98DD148F-C64A-42E4-A128-F36B01C412F4}.Debug|Any CPU.ActiveCfg = Debug|Any CPU
		{98DD148F-C64A-42E4-A128-F36B01C412F4}.Debug|Any CPU.Build.0 = Debug|Any CPU
		{98DD148F-C64A-42E4-A128-F36B01C412F4}.Release|Any CPU.ActiveCfg = Release|Any CPU
		{98DD148F-C64A-42E4-A128-F36B01C412F4}.Release|Any CPU.Build.0 = Release|Any CPU
		{9EBCECF2-231B-4BB4-A16B-D6FAAA101D40}.Debug|Any CPU.ActiveCfg = Debug|Any CPU
		{9EBCECF2-231B-4BB4-A16B-D6FAAA101D40}.Debug|Any CPU.Build.0 = Debug|Any CPU
		{9EBCECF2-231B-4BB4-A16B-D6FAAA101D40}.Release|Any CPU.ActiveCfg = Release|Any CPU
		{9EBCECF2-231B-4BB4-A16B-D6FAAA101D40}.Release|Any CPU.Build.0 = Release|Any CPU
		{4D90590A-0C67-424E-8BA2-CE0BD7EA2CF2}.Debug|Any CPU.ActiveCfg = Debug|Any CPU
		{4D90590A-0C67-424E-8BA2-CE0BD7EA2CF2}.Debug|Any CPU.Build.0 = Debug|Any CPU
		{4D90590A-0C67-424E-8BA2-CE0BD7EA2CF2}.Release|Any CPU.ActiveCfg = Release|Any CPU
		{4D90590A-0C67-424E-8BA2-CE0BD7EA2CF2}.Release|Any CPU.Build.0 = Release|Any CPU
		{ECCBE1D6-2EDF-428D-899D-BA1E2F7364E8}.Debug|Any CPU.ActiveCfg = Debug|Any CPU
		{ECCBE1D6-2EDF-428D-899D-BA1E2F7364E8}.Debug|Any CPU.Build.0 = Debug|Any CPU
		{ECCBE1D6-2EDF-428D-899D-BA1E2F7364E8}.Release|Any CPU.ActiveCfg = Release|Any CPU
		{ECCBE1D6-2EDF-428D-899D-BA1E2F7364E8}.Release|Any CPU.Build.0 = Release|Any CPU
		{FD3CA6D2-80E8-4FF5-8F6A-D145D5810E2B}.Debug|Any CPU.ActiveCfg = Debug|Any CPU
		{FD3CA6D2-80E8-4FF5-8F6A-D145D5810E2B}.Debug|Any CPU.Build.0 = Debug|Any CPU
		{FD3CA6D2-80E8-4FF5-8F6A-D145D5810E2B}.Release|Any CPU.ActiveCfg = Release|Any CPU
		{FD3CA6D2-80E8-4FF5-8F6A-D145D5810E2B}.Release|Any CPU.Build.0 = Release|Any CPU
		{63C59692-405E-4913-80B9-90B58A8D3E82}.Debug|Any CPU.ActiveCfg = Debug|Any CPU
		{63C59692-405E-4913-80B9-90B58A8D3E82}.Debug|Any CPU.Build.0 = Debug|Any CPU
		{63C59692-405E-4913-80B9-90B58A8D3E82}.Release|Any CPU.ActiveCfg = Release|Any CPU
		{63C59692-405E-4913-80B9-90B58A8D3E82}.Release|Any CPU.Build.0 = Release|Any CPU
		{FF58E809-CE9C-4DBE-A537-027C29002F7B}.Debug|Any CPU.ActiveCfg = Debug|Any CPU
		{FF58E809-CE9C-4DBE-A537-027C29002F7B}.Debug|Any CPU.Build.0 = Debug|Any CPU
		{FF58E809-CE9C-4DBE-A537-027C29002F7B}.Release|Any CPU.ActiveCfg = Release|Any CPU
		{FF58E809-CE9C-4DBE-A537-027C29002F7B}.Release|Any CPU.Build.0 = Release|Any CPU
	EndGlobalSection
	GlobalSection(SolutionProperties) = preSolution
		HideSolutionNode = FALSE
	EndGlobalSection
	GlobalSection(NestedProjects) = preSolution
		{84A39FD2-FFA5-4DDD-A7DC-B5AEEF660296} = {457846E6-CB69-4F0A-A3F5-0E1BDE5AB415}
		{48DB2B1E-5890-4614-9444-032F03C83FFC} = {457846E6-CB69-4F0A-A3F5-0E1BDE5AB415}
		{ADA18B98-BDEC-4D93-9E99-3182B5D55503} = {457846E6-CB69-4F0A-A3F5-0E1BDE5AB415}
		{BE152F4F-F43C-40A1-B24F-0863D424E828} = {1E0D13FB-B65B-4CC7-A744-9D5B85F5E227}
		{E47F5629-4EBD-4096-B9E2-30BE7A26DEAF} = {1E0D13FB-B65B-4CC7-A744-9D5B85F5E227}
		{98DD148F-C64A-42E4-A128-F36B01C412F4} = {1E0D13FB-B65B-4CC7-A744-9D5B85F5E227}
		{9EBCECF2-231B-4BB4-A16B-D6FAAA101D40} = {BE3CFCDA-3D10-4B3F-8340-776E5ADCB080}
		{4D90590A-0C67-424E-8BA2-CE0BD7EA2CF2} = {BE3CFCDA-3D10-4B3F-8340-776E5ADCB080}
		{ECCBE1D6-2EDF-428D-899D-BA1E2F7364E8} = {BE3CFCDA-3D10-4B3F-8340-776E5ADCB080}
		{FD3CA6D2-80E8-4FF5-8F6A-D145D5810E2B} = {19F9767E-16FE-4202-AE64-1218E66BFE8C}
		{63C59692-405E-4913-80B9-90B58A8D3E82} = {19F9767E-16FE-4202-AE64-1218E66BFE8C}
		{FF58E809-CE9C-4DBE-A537-027C29002F7B} = {19F9767E-16FE-4202-AE64-1218E66BFE8C}
	EndGlobalSection
	GlobalSection(ExtensibilityGlobals) = postSolution
		SolutionGuid = {EB96DD1B-02D7-410A-9976-C76AA5AAAE4A}
	EndGlobalSection
EndGlobal
